// !$*UTF8*$!
{
	archiveVersion = 1;
	classes = {
	};
	objectVersion = 50;
	objects = {

/* Begin PBXBuildFile section */
<<<<<<< HEAD
		49B278B2BFA5F5C37C8A7D2F /* Pods_Schedule_It.framework in Frameworks */ = {isa = PBXBuildFile; fileRef = D6706121C2638720021758F6 /* Pods_Schedule_It.framework */; };
=======
		67A4F557BFBA413E2EFF7F06 /* Pods_Schedule_It.framework in Frameworks */ = {isa = PBXBuildFile; fileRef = BC017BC53631771790F61C48 /* Pods_Schedule_It.framework */; };
>>>>>>> a9c81ab3b894645b43bcfa2d9bd3abaf71d50ac3
		E3192DC625F507A3009202C6 /* AppDelegate.swift in Sources */ = {isa = PBXBuildFile; fileRef = E3192DC525F507A3009202C6 /* AppDelegate.swift */; };
		E3192DC825F507A3009202C6 /* SceneDelegate.swift in Sources */ = {isa = PBXBuildFile; fileRef = E3192DC725F507A3009202C6 /* SceneDelegate.swift */; };
		E3192DCA25F507A3009202C6 /* ViewController.swift in Sources */ = {isa = PBXBuildFile; fileRef = E3192DC925F507A3009202C6 /* ViewController.swift */; };
		E3192DCF25F507A3009202C6 /* Assets.xcassets in Resources */ = {isa = PBXBuildFile; fileRef = E3192DCE25F507A3009202C6 /* Assets.xcassets */; };
		E3192DD225F507A3009202C6 /* LaunchScreen.storyboard in Resources */ = {isa = PBXBuildFile; fileRef = E3192DD025F507A3009202C6 /* LaunchScreen.storyboard */; };
		E38A910025F521A6009EE931 /* Main.storyboard in Resources */ = {isa = PBXBuildFile; fileRef = E38A90FE25F521A6009EE931 /* Main.storyboard */; };
		E38A910425F52367009EE931 /* AddViewController.swift in Sources */ = {isa = PBXBuildFile; fileRef = E38A910325F52367009EE931 /* AddViewController.swift */; };
/* End PBXBuildFile section */

/* Begin PBXFileReference section */
<<<<<<< HEAD
		63E31BCED9E9F38E7C18CBB2 /* Pods-Schedule It.debug.xcconfig */ = {isa = PBXFileReference; includeInIndex = 1; lastKnownFileType = text.xcconfig; name = "Pods-Schedule It.debug.xcconfig"; path = "Target Support Files/Pods-Schedule It/Pods-Schedule It.debug.xcconfig"; sourceTree = "<group>"; };
		B66F5865339668BCB8A3960A /* Pods-Schedule It.release.xcconfig */ = {isa = PBXFileReference; includeInIndex = 1; lastKnownFileType = text.xcconfig; name = "Pods-Schedule It.release.xcconfig"; path = "Target Support Files/Pods-Schedule It/Pods-Schedule It.release.xcconfig"; sourceTree = "<group>"; };
		D6706121C2638720021758F6 /* Pods_Schedule_It.framework */ = {isa = PBXFileReference; explicitFileType = wrapper.framework; includeInIndex = 0; path = Pods_Schedule_It.framework; sourceTree = BUILT_PRODUCTS_DIR; };
=======
		BC017BC53631771790F61C48 /* Pods_Schedule_It.framework */ = {isa = PBXFileReference; explicitFileType = wrapper.framework; includeInIndex = 0; path = Pods_Schedule_It.framework; sourceTree = BUILT_PRODUCTS_DIR; };
		D2EFC0CE9F5EFF5663E342A9 /* Pods-Schedule It.debug.xcconfig */ = {isa = PBXFileReference; includeInIndex = 1; lastKnownFileType = text.xcconfig; name = "Pods-Schedule It.debug.xcconfig"; path = "Target Support Files/Pods-Schedule It/Pods-Schedule It.debug.xcconfig"; sourceTree = "<group>"; };
>>>>>>> a9c81ab3b894645b43bcfa2d9bd3abaf71d50ac3
		E3192DC225F507A3009202C6 /* Schedule It.app */ = {isa = PBXFileReference; explicitFileType = wrapper.application; includeInIndex = 0; path = "Schedule It.app"; sourceTree = BUILT_PRODUCTS_DIR; };
		E3192DC525F507A3009202C6 /* AppDelegate.swift */ = {isa = PBXFileReference; lastKnownFileType = sourcecode.swift; path = AppDelegate.swift; sourceTree = "<group>"; };
		E3192DC725F507A3009202C6 /* SceneDelegate.swift */ = {isa = PBXFileReference; lastKnownFileType = sourcecode.swift; path = SceneDelegate.swift; sourceTree = "<group>"; };
		E3192DC925F507A3009202C6 /* ViewController.swift */ = {isa = PBXFileReference; lastKnownFileType = sourcecode.swift; path = ViewController.swift; sourceTree = "<group>"; };
		E3192DCE25F507A3009202C6 /* Assets.xcassets */ = {isa = PBXFileReference; lastKnownFileType = folder.assetcatalog; path = Assets.xcassets; sourceTree = "<group>"; };
		E3192DD125F507A3009202C6 /* Base */ = {isa = PBXFileReference; lastKnownFileType = file.storyboard; name = Base; path = Base.lproj/LaunchScreen.storyboard; sourceTree = "<group>"; };
		E3192DD325F507A3009202C6 /* Info.plist */ = {isa = PBXFileReference; lastKnownFileType = text.plist.xml; path = Info.plist; sourceTree = "<group>"; };
		E38A90FF25F521A6009EE931 /* Base */ = {isa = PBXFileReference; lastKnownFileType = file.storyboard; name = Base; path = Base.lproj/Main.storyboard; sourceTree = "<group>"; };
		E38A910325F52367009EE931 /* AddViewController.swift */ = {isa = PBXFileReference; fileEncoding = 4; lastKnownFileType = sourcecode.swift; path = AddViewController.swift; sourceTree = "<group>"; };
		FD37361F303B9DB5B4130752 /* Pods-Schedule It.release.xcconfig */ = {isa = PBXFileReference; includeInIndex = 1; lastKnownFileType = text.xcconfig; name = "Pods-Schedule It.release.xcconfig"; path = "Target Support Files/Pods-Schedule It/Pods-Schedule It.release.xcconfig"; sourceTree = "<group>"; };
/* End PBXFileReference section */

/* Begin PBXFrameworksBuildPhase section */
		E3192DBF25F507A3009202C6 /* Frameworks */ = {
			isa = PBXFrameworksBuildPhase;
			buildActionMask = 2147483647;
			files = (
<<<<<<< HEAD
				49B278B2BFA5F5C37C8A7D2F /* Pods_Schedule_It.framework in Frameworks */,
=======
				67A4F557BFBA413E2EFF7F06 /* Pods_Schedule_It.framework in Frameworks */,
>>>>>>> a9c81ab3b894645b43bcfa2d9bd3abaf71d50ac3
			);
			runOnlyForDeploymentPostprocessing = 0;
		};
/* End PBXFrameworksBuildPhase section */

/* Begin PBXGroup section */
<<<<<<< HEAD
		14359B3EC0949AF5584942FE /* Frameworks */ = {
			isa = PBXGroup;
			children = (
				D6706121C2638720021758F6 /* Pods_Schedule_It.framework */,
			);
			name = Frameworks;
			sourceTree = "<group>";
		};
		77BA56E61EE7AE1F3DA5A9FD /* Pods */ = {
			isa = PBXGroup;
			children = (
				63E31BCED9E9F38E7C18CBB2 /* Pods-Schedule It.debug.xcconfig */,
				B66F5865339668BCB8A3960A /* Pods-Schedule It.release.xcconfig */,
			);
			name = Pods;
			path = Pods;
=======
		21837848CE42B622E99ED23F /* Pods */ = {
			isa = PBXGroup;
			children = (
				D2EFC0CE9F5EFF5663E342A9 /* Pods-Schedule It.debug.xcconfig */,
				FD37361F303B9DB5B4130752 /* Pods-Schedule It.release.xcconfig */,
			);
			name = Pods;
			path = Pods;
			sourceTree = "<group>";
		};
		D7D7AB5922D520C984C680DC /* Frameworks */ = {
			isa = PBXGroup;
			children = (
				BC017BC53631771790F61C48 /* Pods_Schedule_It.framework */,
			);
			name = Frameworks;
>>>>>>> a9c81ab3b894645b43bcfa2d9bd3abaf71d50ac3
			sourceTree = "<group>";
		};
		E3192DB925F507A2009202C6 = {
			isa = PBXGroup;
			children = (
				E3192DC425F507A3009202C6 /* Schedule It */,
				E3192DC325F507A3009202C6 /* Products */,
<<<<<<< HEAD
				77BA56E61EE7AE1F3DA5A9FD /* Pods */,
				14359B3EC0949AF5584942FE /* Frameworks */,
=======
				21837848CE42B622E99ED23F /* Pods */,
				D7D7AB5922D520C984C680DC /* Frameworks */,
>>>>>>> a9c81ab3b894645b43bcfa2d9bd3abaf71d50ac3
			);
			sourceTree = "<group>";
		};
		E3192DC325F507A3009202C6 /* Products */ = {
			isa = PBXGroup;
			children = (
				E3192DC225F507A3009202C6 /* Schedule It.app */,
			);
			name = Products;
			sourceTree = "<group>";
		};
		E3192DC425F507A3009202C6 /* Schedule It */ = {
			isa = PBXGroup;
			children = (
				E38A910325F52367009EE931 /* AddViewController.swift */,
				E38A90FE25F521A6009EE931 /* Main.storyboard */,
				E3192DC525F507A3009202C6 /* AppDelegate.swift */,
				E3192DC725F507A3009202C6 /* SceneDelegate.swift */,
				E3192DC925F507A3009202C6 /* ViewController.swift */,
				E3192DCE25F507A3009202C6 /* Assets.xcassets */,
				E3192DD025F507A3009202C6 /* LaunchScreen.storyboard */,
				E3192DD325F507A3009202C6 /* Info.plist */,
			);
			path = "Schedule It";
			sourceTree = "<group>";
		};
/* End PBXGroup section */

/* Begin PBXNativeTarget section */
		E3192DC125F507A3009202C6 /* Schedule It */ = {
			isa = PBXNativeTarget;
			buildConfigurationList = E3192DD625F507A3009202C6 /* Build configuration list for PBXNativeTarget "Schedule It" */;
			buildPhases = (
<<<<<<< HEAD
				F8B9575F05F7DB841FE9C951 /* [CP] Check Pods Manifest.lock */,
				E3192DBE25F507A3009202C6 /* Sources */,
				E3192DBF25F507A3009202C6 /* Frameworks */,
				E3192DC025F507A3009202C6 /* Resources */,
				F8D66F744FBDEFC17F233715 /* [CP] Embed Pods Frameworks */,
=======
				922830B0B264D40EB18E276A /* [CP] Check Pods Manifest.lock */,
				E3192DBE25F507A3009202C6 /* Sources */,
				E3192DBF25F507A3009202C6 /* Frameworks */,
				E3192DC025F507A3009202C6 /* Resources */,
				89BD906641DD7626C56873BE /* [CP] Embed Pods Frameworks */,
>>>>>>> a9c81ab3b894645b43bcfa2d9bd3abaf71d50ac3
			);
			buildRules = (
			);
			dependencies = (
			);
			name = "Schedule It";
			productName = "Schedule It";
			productReference = E3192DC225F507A3009202C6 /* Schedule It.app */;
			productType = "com.apple.product-type.application";
		};
/* End PBXNativeTarget section */

/* Begin PBXProject section */
		E3192DBA25F507A2009202C6 /* Project object */ = {
			isa = PBXProject;
			attributes = {
				LastSwiftUpdateCheck = 1240;
				LastUpgradeCheck = 1240;
				TargetAttributes = {
					E3192DC125F507A3009202C6 = {
						CreatedOnToolsVersion = 12.4;
					};
				};
			};
			buildConfigurationList = E3192DBD25F507A2009202C6 /* Build configuration list for PBXProject "Schedule It" */;
			compatibilityVersion = "Xcode 9.3";
			developmentRegion = en;
			hasScannedForEncodings = 0;
			knownRegions = (
				en,
				Base,
			);
			mainGroup = E3192DB925F507A2009202C6;
			productRefGroup = E3192DC325F507A3009202C6 /* Products */;
			projectDirPath = "";
			projectRoot = "";
			targets = (
				E3192DC125F507A3009202C6 /* Schedule It */,
			);
		};
/* End PBXProject section */

/* Begin PBXResourcesBuildPhase section */
		E3192DC025F507A3009202C6 /* Resources */ = {
			isa = PBXResourcesBuildPhase;
			buildActionMask = 2147483647;
			files = (
				E38A910025F521A6009EE931 /* Main.storyboard in Resources */,
				E3192DD225F507A3009202C6 /* LaunchScreen.storyboard in Resources */,
				E3192DCF25F507A3009202C6 /* Assets.xcassets in Resources */,
			);
			runOnlyForDeploymentPostprocessing = 0;
		};
/* End PBXResourcesBuildPhase section */

/* Begin PBXShellScriptBuildPhase section */
<<<<<<< HEAD
		F8B9575F05F7DB841FE9C951 /* [CP] Check Pods Manifest.lock */ = {
=======
		89BD906641DD7626C56873BE /* [CP] Embed Pods Frameworks */ = {
>>>>>>> a9c81ab3b894645b43bcfa2d9bd3abaf71d50ac3
			isa = PBXShellScriptBuildPhase;
			buildActionMask = 2147483647;
			files = (
			);
			inputFileListPaths = (
<<<<<<< HEAD
			);
			inputPaths = (
				"${PODS_PODFILE_DIR_PATH}/Podfile.lock",
				"${PODS_ROOT}/Manifest.lock",
			);
			name = "[CP] Check Pods Manifest.lock";
			outputFileListPaths = (
			);
			outputPaths = (
				"$(DERIVED_FILE_DIR)/Pods-Schedule It-checkManifestLockResult.txt",
			);
			runOnlyForDeploymentPostprocessing = 0;
			shellPath = /bin/sh;
			shellScript = "diff \"${PODS_PODFILE_DIR_PATH}/Podfile.lock\" \"${PODS_ROOT}/Manifest.lock\" > /dev/null\nif [ $? != 0 ] ; then\n    # print error to STDERR\n    echo \"error: The sandbox is not in sync with the Podfile.lock. Run 'pod install' or update your CocoaPods installation.\" >&2\n    exit 1\nfi\n# This output is used by Xcode 'outputs' to avoid re-running this script phase.\necho \"SUCCESS\" > \"${SCRIPT_OUTPUT_FILE_0}\"\n";
			showEnvVarsInLog = 0;
		};
		F8D66F744FBDEFC17F233715 /* [CP] Embed Pods Frameworks */ = {
=======
				"${PODS_ROOT}/Target Support Files/Pods-Schedule It/Pods-Schedule It-frameworks-${CONFIGURATION}-input-files.xcfilelist",
			);
			name = "[CP] Embed Pods Frameworks";
			outputFileListPaths = (
				"${PODS_ROOT}/Target Support Files/Pods-Schedule It/Pods-Schedule It-frameworks-${CONFIGURATION}-output-files.xcfilelist",
			);
			runOnlyForDeploymentPostprocessing = 0;
			shellPath = /bin/sh;
			shellScript = "\"${PODS_ROOT}/Target Support Files/Pods-Schedule It/Pods-Schedule It-frameworks.sh\"\n";
			showEnvVarsInLog = 0;
		};
		922830B0B264D40EB18E276A /* [CP] Check Pods Manifest.lock */ = {
>>>>>>> a9c81ab3b894645b43bcfa2d9bd3abaf71d50ac3
			isa = PBXShellScriptBuildPhase;
			buildActionMask = 2147483647;
			files = (
			);
			inputFileListPaths = (
<<<<<<< HEAD
				"${PODS_ROOT}/Target Support Files/Pods-Schedule It/Pods-Schedule It-frameworks-${CONFIGURATION}-input-files.xcfilelist",
			);
			name = "[CP] Embed Pods Frameworks";
			outputFileListPaths = (
				"${PODS_ROOT}/Target Support Files/Pods-Schedule It/Pods-Schedule It-frameworks-${CONFIGURATION}-output-files.xcfilelist",
			);
			runOnlyForDeploymentPostprocessing = 0;
			shellPath = /bin/sh;
			shellScript = "\"${PODS_ROOT}/Target Support Files/Pods-Schedule It/Pods-Schedule It-frameworks.sh\"\n";
=======
			);
			inputPaths = (
				"${PODS_PODFILE_DIR_PATH}/Podfile.lock",
				"${PODS_ROOT}/Manifest.lock",
			);
			name = "[CP] Check Pods Manifest.lock";
			outputFileListPaths = (
			);
			outputPaths = (
				"$(DERIVED_FILE_DIR)/Pods-Schedule It-checkManifestLockResult.txt",
			);
			runOnlyForDeploymentPostprocessing = 0;
			shellPath = /bin/sh;
			shellScript = "diff \"${PODS_PODFILE_DIR_PATH}/Podfile.lock\" \"${PODS_ROOT}/Manifest.lock\" > /dev/null\nif [ $? != 0 ] ; then\n    # print error to STDERR\n    echo \"error: The sandbox is not in sync with the Podfile.lock. Run 'pod install' or update your CocoaPods installation.\" >&2\n    exit 1\nfi\n# This output is used by Xcode 'outputs' to avoid re-running this script phase.\necho \"SUCCESS\" > \"${SCRIPT_OUTPUT_FILE_0}\"\n";
>>>>>>> a9c81ab3b894645b43bcfa2d9bd3abaf71d50ac3
			showEnvVarsInLog = 0;
		};
/* End PBXShellScriptBuildPhase section */

/* Begin PBXSourcesBuildPhase section */
		E3192DBE25F507A3009202C6 /* Sources */ = {
			isa = PBXSourcesBuildPhase;
			buildActionMask = 2147483647;
			files = (
				E3192DCA25F507A3009202C6 /* ViewController.swift in Sources */,
				E38A910425F52367009EE931 /* AddViewController.swift in Sources */,
				E3192DC625F507A3009202C6 /* AppDelegate.swift in Sources */,
				E3192DC825F507A3009202C6 /* SceneDelegate.swift in Sources */,
			);
			runOnlyForDeploymentPostprocessing = 0;
		};
/* End PBXSourcesBuildPhase section */

/* Begin PBXVariantGroup section */
		E3192DD025F507A3009202C6 /* LaunchScreen.storyboard */ = {
			isa = PBXVariantGroup;
			children = (
				E3192DD125F507A3009202C6 /* Base */,
			);
			name = LaunchScreen.storyboard;
			sourceTree = "<group>";
		};
		E38A90FE25F521A6009EE931 /* Main.storyboard */ = {
			isa = PBXVariantGroup;
			children = (
				E38A90FF25F521A6009EE931 /* Base */,
			);
			name = Main.storyboard;
			sourceTree = "<group>";
		};
/* End PBXVariantGroup section */

/* Begin XCBuildConfiguration section */
		E3192DD425F507A3009202C6 /* Debug */ = {
			isa = XCBuildConfiguration;
			buildSettings = {
				ALWAYS_SEARCH_USER_PATHS = NO;
				CLANG_ANALYZER_NONNULL = YES;
				CLANG_ANALYZER_NUMBER_OBJECT_CONVERSION = YES_AGGRESSIVE;
				CLANG_CXX_LANGUAGE_STANDARD = "gnu++14";
				CLANG_CXX_LIBRARY = "libc++";
				CLANG_ENABLE_MODULES = YES;
				CLANG_ENABLE_OBJC_ARC = YES;
				CLANG_ENABLE_OBJC_WEAK = YES;
				CLANG_WARN_BLOCK_CAPTURE_AUTORELEASING = YES;
				CLANG_WARN_BOOL_CONVERSION = YES;
				CLANG_WARN_COMMA = YES;
				CLANG_WARN_CONSTANT_CONVERSION = YES;
				CLANG_WARN_DEPRECATED_OBJC_IMPLEMENTATIONS = YES;
				CLANG_WARN_DIRECT_OBJC_ISA_USAGE = YES_ERROR;
				CLANG_WARN_DOCUMENTATION_COMMENTS = YES;
				CLANG_WARN_EMPTY_BODY = YES;
				CLANG_WARN_ENUM_CONVERSION = YES;
				CLANG_WARN_INFINITE_RECURSION = YES;
				CLANG_WARN_INT_CONVERSION = YES;
				CLANG_WARN_NON_LITERAL_NULL_CONVERSION = YES;
				CLANG_WARN_OBJC_IMPLICIT_RETAIN_SELF = YES;
				CLANG_WARN_OBJC_LITERAL_CONVERSION = YES;
				CLANG_WARN_OBJC_ROOT_CLASS = YES_ERROR;
				CLANG_WARN_QUOTED_INCLUDE_IN_FRAMEWORK_HEADER = YES;
				CLANG_WARN_RANGE_LOOP_ANALYSIS = YES;
				CLANG_WARN_STRICT_PROTOTYPES = YES;
				CLANG_WARN_SUSPICIOUS_MOVE = YES;
				CLANG_WARN_UNGUARDED_AVAILABILITY = YES_AGGRESSIVE;
				CLANG_WARN_UNREACHABLE_CODE = YES;
				CLANG_WARN__DUPLICATE_METHOD_MATCH = YES;
				COPY_PHASE_STRIP = NO;
				DEBUG_INFORMATION_FORMAT = dwarf;
				ENABLE_STRICT_OBJC_MSGSEND = YES;
				ENABLE_TESTABILITY = YES;
				GCC_C_LANGUAGE_STANDARD = gnu11;
				GCC_DYNAMIC_NO_PIC = NO;
				GCC_NO_COMMON_BLOCKS = YES;
				GCC_OPTIMIZATION_LEVEL = 0;
				GCC_PREPROCESSOR_DEFINITIONS = (
					"DEBUG=1",
					"$(inherited)",
				);
				GCC_WARN_64_TO_32_BIT_CONVERSION = YES;
				GCC_WARN_ABOUT_RETURN_TYPE = YES_ERROR;
				GCC_WARN_UNDECLARED_SELECTOR = YES;
				GCC_WARN_UNINITIALIZED_AUTOS = YES_AGGRESSIVE;
				GCC_WARN_UNUSED_FUNCTION = YES;
				GCC_WARN_UNUSED_VARIABLE = YES;
				IPHONEOS_DEPLOYMENT_TARGET = 14.4;
				MTL_ENABLE_DEBUG_INFO = INCLUDE_SOURCE;
				MTL_FAST_MATH = YES;
				ONLY_ACTIVE_ARCH = YES;
				SDKROOT = iphoneos;
				SWIFT_ACTIVE_COMPILATION_CONDITIONS = DEBUG;
				SWIFT_OPTIMIZATION_LEVEL = "-Onone";
			};
			name = Debug;
		};
		E3192DD525F507A3009202C6 /* Release */ = {
			isa = XCBuildConfiguration;
			buildSettings = {
				ALWAYS_SEARCH_USER_PATHS = NO;
				CLANG_ANALYZER_NONNULL = YES;
				CLANG_ANALYZER_NUMBER_OBJECT_CONVERSION = YES_AGGRESSIVE;
				CLANG_CXX_LANGUAGE_STANDARD = "gnu++14";
				CLANG_CXX_LIBRARY = "libc++";
				CLANG_ENABLE_MODULES = YES;
				CLANG_ENABLE_OBJC_ARC = YES;
				CLANG_ENABLE_OBJC_WEAK = YES;
				CLANG_WARN_BLOCK_CAPTURE_AUTORELEASING = YES;
				CLANG_WARN_BOOL_CONVERSION = YES;
				CLANG_WARN_COMMA = YES;
				CLANG_WARN_CONSTANT_CONVERSION = YES;
				CLANG_WARN_DEPRECATED_OBJC_IMPLEMENTATIONS = YES;
				CLANG_WARN_DIRECT_OBJC_ISA_USAGE = YES_ERROR;
				CLANG_WARN_DOCUMENTATION_COMMENTS = YES;
				CLANG_WARN_EMPTY_BODY = YES;
				CLANG_WARN_ENUM_CONVERSION = YES;
				CLANG_WARN_INFINITE_RECURSION = YES;
				CLANG_WARN_INT_CONVERSION = YES;
				CLANG_WARN_NON_LITERAL_NULL_CONVERSION = YES;
				CLANG_WARN_OBJC_IMPLICIT_RETAIN_SELF = YES;
				CLANG_WARN_OBJC_LITERAL_CONVERSION = YES;
				CLANG_WARN_OBJC_ROOT_CLASS = YES_ERROR;
				CLANG_WARN_QUOTED_INCLUDE_IN_FRAMEWORK_HEADER = YES;
				CLANG_WARN_RANGE_LOOP_ANALYSIS = YES;
				CLANG_WARN_STRICT_PROTOTYPES = YES;
				CLANG_WARN_SUSPICIOUS_MOVE = YES;
				CLANG_WARN_UNGUARDED_AVAILABILITY = YES_AGGRESSIVE;
				CLANG_WARN_UNREACHABLE_CODE = YES;
				CLANG_WARN__DUPLICATE_METHOD_MATCH = YES;
				COPY_PHASE_STRIP = NO;
				DEBUG_INFORMATION_FORMAT = "dwarf-with-dsym";
				ENABLE_NS_ASSERTIONS = NO;
				ENABLE_STRICT_OBJC_MSGSEND = YES;
				GCC_C_LANGUAGE_STANDARD = gnu11;
				GCC_NO_COMMON_BLOCKS = YES;
				GCC_WARN_64_TO_32_BIT_CONVERSION = YES;
				GCC_WARN_ABOUT_RETURN_TYPE = YES_ERROR;
				GCC_WARN_UNDECLARED_SELECTOR = YES;
				GCC_WARN_UNINITIALIZED_AUTOS = YES_AGGRESSIVE;
				GCC_WARN_UNUSED_FUNCTION = YES;
				GCC_WARN_UNUSED_VARIABLE = YES;
				IPHONEOS_DEPLOYMENT_TARGET = 14.4;
				MTL_ENABLE_DEBUG_INFO = NO;
				MTL_FAST_MATH = YES;
				SDKROOT = iphoneos;
				SWIFT_COMPILATION_MODE = wholemodule;
				SWIFT_OPTIMIZATION_LEVEL = "-O";
				VALIDATE_PRODUCT = YES;
			};
			name = Release;
		};
		E3192DD725F507A3009202C6 /* Debug */ = {
			isa = XCBuildConfiguration;
<<<<<<< HEAD
			baseConfigurationReference = 63E31BCED9E9F38E7C18CBB2 /* Pods-Schedule It.debug.xcconfig */;
=======
			baseConfigurationReference = D2EFC0CE9F5EFF5663E342A9 /* Pods-Schedule It.debug.xcconfig */;
>>>>>>> a9c81ab3b894645b43bcfa2d9bd3abaf71d50ac3
			buildSettings = {
				ASSETCATALOG_COMPILER_APPICON_NAME = AppIcon;
				ASSETCATALOG_COMPILER_GLOBAL_ACCENT_COLOR_NAME = AccentColor;
				CODE_SIGN_STYLE = Automatic;
				INFOPLIST_FILE = "Schedule It/Info.plist";
				LD_RUNPATH_SEARCH_PATHS = (
					"$(inherited)",
					"@executable_path/Frameworks",
				);
				PRODUCT_BUNDLE_IDENTIFIER = "Varun-Damarla.Schedule-It";
				PRODUCT_NAME = "$(TARGET_NAME)";
				SWIFT_VERSION = 5.0;
				TARGETED_DEVICE_FAMILY = "1,2";
			};
			name = Debug;
		};
		E3192DD825F507A3009202C6 /* Release */ = {
			isa = XCBuildConfiguration;
<<<<<<< HEAD
			baseConfigurationReference = B66F5865339668BCB8A3960A /* Pods-Schedule It.release.xcconfig */;
=======
			baseConfigurationReference = FD37361F303B9DB5B4130752 /* Pods-Schedule It.release.xcconfig */;
>>>>>>> a9c81ab3b894645b43bcfa2d9bd3abaf71d50ac3
			buildSettings = {
				ASSETCATALOG_COMPILER_APPICON_NAME = AppIcon;
				ASSETCATALOG_COMPILER_GLOBAL_ACCENT_COLOR_NAME = AccentColor;
				CODE_SIGN_STYLE = Automatic;
				INFOPLIST_FILE = "Schedule It/Info.plist";
				LD_RUNPATH_SEARCH_PATHS = (
					"$(inherited)",
					"@executable_path/Frameworks",
				);
				PRODUCT_BUNDLE_IDENTIFIER = "Varun-Damarla.Schedule-It";
				PRODUCT_NAME = "$(TARGET_NAME)";
				SWIFT_VERSION = 5.0;
				TARGETED_DEVICE_FAMILY = "1,2";
			};
			name = Release;
		};
/* End XCBuildConfiguration section */

/* Begin XCConfigurationList section */
		E3192DBD25F507A2009202C6 /* Build configuration list for PBXProject "Schedule It" */ = {
			isa = XCConfigurationList;
			buildConfigurations = (
				E3192DD425F507A3009202C6 /* Debug */,
				E3192DD525F507A3009202C6 /* Release */,
			);
			defaultConfigurationIsVisible = 0;
			defaultConfigurationName = Release;
		};
		E3192DD625F507A3009202C6 /* Build configuration list for PBXNativeTarget "Schedule It" */ = {
			isa = XCConfigurationList;
			buildConfigurations = (
				E3192DD725F507A3009202C6 /* Debug */,
				E3192DD825F507A3009202C6 /* Release */,
			);
			defaultConfigurationIsVisible = 0;
			defaultConfigurationName = Release;
		};
/* End XCConfigurationList section */
	};
	rootObject = E3192DBA25F507A2009202C6 /* Project object */;
}
